
Microsoft Visual Studio Solution File, Format Version 12.00
# Visual Studio Version 16
VisualStudioVersion = 16.0.31205.134
MinimumVisualStudioVersion = 10.0.40219.1
Project("{FAE04EC0-301F-11D3-BF4B-00C04F79EFBC}") = "fukuvHensu", "fukuvHensu\fukuvHensu.csproj", "{D17220FD-DAE9-4122-A402-ECE0B17979BF}"
EndProject
Global
	GlobalSection(SolutionConfigurationPlatforms) = preSolution
		Debug|Any CPU = Debug|Any CPU
		Release|Any CPU = Release|Any CPU
	EndGlobalSection
	GlobalSection(ProjectConfigurationPlatforms) = postSolution
		{D17220FD-DAE9-4122-A402-ECE0B17979BF}.Debug|Any CPU.ActiveCfg = Debug|Any CPU
		{D17220FD-DAE9-4122-A402-ECE0B17979BF}.Debug|Any CPU.Build.0 = Debug|Any CPU
		{D17220FD-DAE9-4122-A402-ECE0B17979BF}.Release|Any CPU.ActiveCfg = Release|Any CPU
		{D17220FD-DAE9-4122-A402-ECE0B17979BF}.Release|Any CPU.Build.0 = Release|Any CPU
	EndGlobalSection
	GlobalSection(SolutionProperties) = preSolution
		HideSolutionNode = FALSE
	EndGlobalSection
	GlobalSection(ExtensibilityGlobals) = postSolution
		SolutionGuid = {969ACFFE-A599-409E-AD9B-8CE20F845F58}
	EndGlobalSection
EndGlobal
